{
  "nodes": {
    "flake-utils": {
      "inputs": {
        "systems": "systems"
      },
      "locked": {
        "lastModified": 1694529238,
        "narHash": "sha256-zsNZZGTGnMOf9YpHKJqMSsa0dXbfmxeoJ7xHlrt+xmY=",
        "owner": "numtide",
        "repo": "flake-utils",
        "rev": "ff7b65b44d01cf9ba6a71320833626af21126384",
        "type": "github"
      },
      "original": {
        "owner": "numtide",
        "repo": "flake-utils",
        "type": "github"
      }
    },
    "nixpkgs": {
      "locked": {
        "lastModified": 1698865678,
        "narHash": "sha256-jsyqbAGek775AYyHcEdeieR5RVwdO2r/GnS6Prp/9CE=",
        "owner": "NixOS",
        "repo": "nixpkgs",
        "rev": "da939a89352e034c705bf3e7634e9a5e1de972b3",
        "type": "github"
      },
      "original": {
        "owner": "NixOS",
        "repo": "nixpkgs",
        "type": "github"
      }
    },
    "rescript-compiler": {
      "flake": false,
      "locked": {
        "lastModified": 1678118060,
        "narHash": "sha256-uDA5yZ4RrFSY315PPg0kJJFh4PJp4kncFP61o8bLBRk=",
        "owner": "rescript-lang",
        "repo": "rescript-compiler",
        "rev": "8dc36f3b24b902dd9dfa4e0f189365e6a56f5a15",
        "type": "github"
      },
      "original": {
        "owner": "rescript-lang",
        "ref": "10.1.3",
        "repo": "rescript-compiler",
        "type": "github"
      }
    },
    "root": {
      "inputs": {
        "flake-utils": "flake-utils",
        "nixpkgs": "nixpkgs",
        "rescript-compiler": "rescript-compiler"
      }
    },
    "systems": {
      "locked": {
        "lastModified": 1681028828,
        "narHash": "sha256-Vy1rq5AaRuLzOxct8nz4T6wlgyUR7zLU309k9mBC768=",
        "owner": "nix-systems",
        "repo": "default",
        "rev": "da67096a3b9bf56a91d16901293e51ba5b49a27e",
        "type": "github"
      },
      "original": {
        "owner": "nix-systems",
        "repo": "default",
        "type": "github"
      }
    }
  },
  "root": "root",
  "version": 7
}
